
Microsoft Visual Studio Solution File, Format Version 12.00
# Visual Studio Version 17
VisualStudioVersion = 17.14.36301.6 d17.14
MinimumVisualStudioVersion = 10.0.40219.1
Project("{FAE04EC0-301F-11D3-BF4B-00C04F79EFBC}") = "Bakery", "Bakery.csproj", "{A8396BE0-6A53-426C-9A2F-6E57B957DA12}"
EndProject
Global
	GlobalSection(SolutionConfigurationPlatforms) = preSolution
		Debug|Any CPU = Debug|Any CPU
		Release|Any CPU = Release|Any CPU
	EndGlobalSection
	GlobalSection(ProjectConfigurationPlatforms) = postSolution
		{A8396BE0-6A53-426C-9A2F-6E57B957DA12}.Debug|Any CPU.ActiveCfg = Debug|Any CPU
		{A8396BE0-6A53-426C-9A2F-6E57B957DA12}.Debug|Any CPU.Build.0 = Debug|Any CPU
		{A8396BE0-6A53-426C-9A2F-6E57B957DA12}.Release|Any CPU.ActiveCfg = Release|Any CPU
		{A8396BE0-6A53-426C-9A2F-6E57B957DA12}.Release|Any CPU.Build.0 = Release|Any CPU
	EndGlobalSection
	GlobalSection(SolutionProperties) = preSolution
		HideSolutionNode = FALSE
	EndGlobalSection
	GlobalSection(ExtensibilityGlobals) = postSolution
		SolutionGuid = {B8144EE5-0239-4F4E-881E-73A3A5322B4F}
	EndGlobalSection
EndGlobal
